
Microsoft Visual Studio Solution File, Format Version 12.00
# Visual Studio 2012
Project("{FAE04EC0-301F-11D3-BF4B-00C04F79EFBC}") = "My-Oauth2_0", "My-Oauth2_0\My-Oauth2_0.csproj", "{54B9A846-D6E4-4E46-9C29-EF91EDBD7575}"
EndProject
Global
	GlobalSection(SolutionConfigurationPlatforms) = preSolution
		Debug|Any CPU = Debug|Any CPU
		Release|Any CPU = Release|Any CPU
	EndGlobalSection
	GlobalSection(ProjectConfigurationPlatforms) = postSolution
		{54B9A846-D6E4-4E46-9C29-EF91EDBD7575}.Debug|Any CPU.ActiveCfg = Debug|Any CPU
		{54B9A846-D6E4-4E46-9C29-EF91EDBD7575}.Debug|Any CPU.Build.0 = Debug|Any CPU
		{54B9A846-D6E4-4E46-9C29-EF91EDBD7575}.Release|Any CPU.ActiveCfg = Release|Any CPU
		{54B9A846-D6E4-4E46-9C29-EF91EDBD7575}.Release|Any CPU.Build.0 = Release|Any CPU
	EndGlobalSection
	GlobalSection(SolutionProperties) = preSolution
		HideSolutionNode = FALSE
	EndGlobalSection
EndGlobal
